
Microsoft Visual Studio Solution File, Format Version 12.00
# Visual Studio Version 17
VisualStudioVersion = 17.5.33530.505
MinimumVisualStudioVersion = 10.0.40219.1
Project("{FAE04EC0-301F-11D3-BF4B-00C04F79EFBC}") = "Gestion-Ecole", "Gestion-Ecole\Gestion-Ecole.csproj", "{E456F286-6E62-4C65-9B41-1B5C6F5EC230}"
EndProject
Global
	GlobalSection(SolutionConfigurationPlatforms) = preSolution
		Debug|Any CPU = Debug|Any CPU
		Release|Any CPU = Release|Any CPU
	EndGlobalSection
	GlobalSection(ProjectConfigurationPlatforms) = postSolution
		{E456F286-6E62-4C65-9B41-1B5C6F5EC230}.Debug|Any CPU.ActiveCfg = Debug|Any CPU
		{E456F286-6E62-4C65-9B41-1B5C6F5EC230}.Debug|Any CPU.Build.0 = Debug|Any CPU
		{E456F286-6E62-4C65-9B41-1B5C6F5EC230}.Release|Any CPU.ActiveCfg = Release|Any CPU
		{E456F286-6E62-4C65-9B41-1B5C6F5EC230}.Release|Any CPU.Build.0 = Release|Any CPU
	EndGlobalSection
	GlobalSection(SolutionProperties) = preSolution
		HideSolutionNode = FALSE
	EndGlobalSection
	GlobalSection(ExtensibilityGlobals) = postSolution
		SolutionGuid = {FAC6D7EE-0551-481E-A32B-87FD34323BB6}
	EndGlobalSection
EndGlobal
